
Microsoft Visual Studio Solution File, Format Version 12.00
# Visual Studio Version 17
VisualStudioVersion = 17.10.35013.160
MinimumVisualStudioVersion = 10.0.40219.1
Project("{FAE04EC0-301F-11D3-BF4B-00C04F79EFBC}") = "ProjetoAllVoyaje", "ProjetoAllVoyaje\ProjetoAllVoyaje.csproj", "{C3F1351B-3DBB-4439-B19D-F21DFDE1EED0}"
EndProject
Global
	GlobalSection(SolutionConfigurationPlatforms) = preSolution
		Debug|Any CPU = Debug|Any CPU
		Release|Any CPU = Release|Any CPU
	EndGlobalSection
	GlobalSection(ProjectConfigurationPlatforms) = postSolution
		{C3F1351B-3DBB-4439-B19D-F21DFDE1EED0}.Debug|Any CPU.ActiveCfg = Debug|Any CPU
		{C3F1351B-3DBB-4439-B19D-F21DFDE1EED0}.Debug|Any CPU.Build.0 = Debug|Any CPU
		{C3F1351B-3DBB-4439-B19D-F21DFDE1EED0}.Release|Any CPU.ActiveCfg = Release|Any CPU
		{C3F1351B-3DBB-4439-B19D-F21DFDE1EED0}.Release|Any CPU.Build.0 = Release|Any CPU
	EndGlobalSection
	GlobalSection(SolutionProperties) = preSolution
		HideSolutionNode = FALSE
	EndGlobalSection
	GlobalSection(ExtensibilityGlobals) = postSolution
		SolutionGuid = {87B8B4D1-3D34-4BB3-B253-3C1470CC12AC}
	EndGlobalSection
EndGlobal
